// !$*UTF8*$!
{
	archiveVersion = 1;
	classes = {
	};
	objectVersion = 50;
	objects = {

/* Begin PBXBuildFile section */
		9135B2AC211FC80400B334EE /* AppDelegate.m in Sources */ = {isa = PBXBuildFile; fileRef = 9135B2AB211FC80400B334EE /* AppDelegate.m */; };
		9135B2AF211FC80400B334EE /* ViewController.m in Sources */ = {isa = PBXBuildFile; fileRef = 9135B2AE211FC80400B334EE /* ViewController.m */; };
		9135B2B2211FC80400B334EE /* Main.storyboard in Resources */ = {isa = PBXBuildFile; fileRef = 9135B2B0211FC80400B334EE /* Main.storyboard */; };
		9135B2B4211FC80500B334EE /* Assets.xcassets in Resources */ = {isa = PBXBuildFile; fileRef = 9135B2B3211FC80500B334EE /* Assets.xcassets */; };
		9135B2B7211FC80500B334EE /* LaunchScreen.storyboard in Resources */ = {isa = PBXBuildFile; fileRef = 9135B2B5211FC80500B334EE /* LaunchScreen.storyboard */; };
		9135B2BA211FC80500B334EE /* main.m in Sources */ = {isa = PBXBuildFile; fileRef = 9135B2B9211FC80500B334EE /* main.m */; };
		9135B2C4211FC80500B334EE /* NSNotificationCenterKVOAssignmentTests.m in Sources */ = {isa = PBXBuildFile; fileRef = 9135B2C3211FC80500B334EE /* NSNotificationCenterKVOAssignmentTests.m */; };
		9135B2CF211FC80500B334EE /* NSNotificationCenterKVOAssignmentUITests.m in Sources */ = {isa = PBXBuildFile; fileRef = 9135B2CE211FC80500B334EE /* NSNotificationCenterKVOAssignmentUITests.m */; };
		9135B2DE211FC97A00B334EE /* SecondViewController.m in Sources */ = {isa = PBXBuildFile; fileRef = 9135B2DD211FC97A00B334EE /* SecondViewController.m */; };
		9135B2E1211FD42700B334EE /* ThirdViewController.m in Sources */ = {isa = PBXBuildFile; fileRef = 9135B2E0211FD42700B334EE /* ThirdViewController.m */; };
		9135B2E4211FEAD500B334EE /* ForthViewController.m in Sources */ = {isa = PBXBuildFile; fileRef = 9135B2E3211FEAD500B334EE /* ForthViewController.m */; };
		9135B2E7211FEC7E00B334EE /* CustomView.m in Sources */ = {isa = PBXBuildFile; fileRef = 9135B2E6211FEC7E00B334EE /* CustomView.m */; };
/* End PBXBuildFile section */

/* Begin PBXContainerItemProxy section */
		9135B2C0211FC80500B334EE /* PBXContainerItemProxy */ = {
			isa = PBXContainerItemProxy;
			containerPortal = 9135B29F211FC80400B334EE /* Project object */;
			proxyType = 1;
			remoteGlobalIDString = 9135B2A6211FC80400B334EE;
			remoteInfo = NSNotificationCenterKVOAssignment;
		};
		9135B2CB211FC80500B334EE /* PBXContainerItemProxy */ = {
			isa = PBXContainerItemProxy;
			containerPortal = 9135B29F211FC80400B334EE /* Project object */;
			proxyType = 1;
			remoteGlobalIDString = 9135B2A6211FC80400B334EE;
			remoteInfo = NSNotificationCenterKVOAssignment;
		};
/* End PBXContainerItemProxy section */

/* Begin PBXFileReference section */
		9135B2A7211FC80400B334EE /* NSNotificationCenterKVOAssignment.app */ = {isa = PBXFileReference; explicitFileType = wrapper.application; includeInIndex = 0; path = NSNotificationCenterKVOAssignment.app; sourceTree = BUILT_PRODUCTS_DIR; };
		9135B2AA211FC80400B334EE /* AppDelegate.h */ = {isa = PBXFileReference; lastKnownFileType = sourcecode.c.h; path = AppDelegate.h; sourceTree = "<group>"; };
		9135B2AB211FC80400B334EE /* AppDelegate.m */ = {isa = PBXFileReference; lastKnownFileType = sourcecode.c.objc; path = AppDelegate.m; sourceTree = "<group>"; };
		9135B2AD211FC80400B334EE /* ViewController.h */ = {isa = PBXFileReference; lastKnownFileType = sourcecode.c.h; path = ViewController.h; sourceTree = "<group>"; };
		9135B2AE211FC80400B334EE /* ViewController.m */ = {isa = PBXFileReference; lastKnownFileType = sourcecode.c.objc; path = ViewController.m; sourceTree = "<group>"; };
		9135B2B1211FC80400B334EE /* Base */ = {isa = PBXFileReference; lastKnownFileType = file.storyboard; name = Base; path = Base.lproj/Main.storyboard; sourceTree = "<group>"; };
		9135B2B3211FC80500B334EE /* Assets.xcassets */ = {isa = PBXFileReference; lastKnownFileType = folder.assetcatalog; path = Assets.xcassets; sourceTree = "<group>"; };
		9135B2B6211FC80500B334EE /* Base */ = {isa = PBXFileReference; lastKnownFileType = file.storyboard; name = Base; path = Base.lproj/LaunchScreen.storyboard; sourceTree = "<group>"; };
		9135B2B8211FC80500B334EE /* Info.plist */ = {isa = PBXFileReference; lastKnownFileType = text.plist.xml; path = Info.plist; sourceTree = "<group>"; };
		9135B2B9211FC80500B334EE /* main.m */ = {isa = PBXFileReference; lastKnownFileType = sourcecode.c.objc; path = main.m; sourceTree = "<group>"; };
		9135B2BF211FC80500B334EE /* NSNotificationCenterKVOAssignmentTests.xctest */ = {isa = PBXFileReference; explicitFileType = wrapper.cfbundle; includeInIndex = 0; path = NSNotificationCenterKVOAssignmentTests.xctest; sourceTree = BUILT_PRODUCTS_DIR; };
		9135B2C3211FC80500B334EE /* NSNotificationCenterKVOAssignmentTests.m */ = {isa = PBXFileReference; lastKnownFileType = sourcecode.c.objc; path = NSNotificationCenterKVOAssignmentTests.m; sourceTree = "<group>"; };
		9135B2C5211FC80500B334EE /* Info.plist */ = {isa = PBXFileReference; lastKnownFileType = text.plist.xml; path = Info.plist; sourceTree = "<group>"; };
		9135B2CA211FC80500B334EE /* NSNotificationCenterKVOAssignmentUITests.xctest */ = {isa = PBXFileReference; explicitFileType = wrapper.cfbundle; includeInIndex = 0; path = NSNotificationCenterKVOAssignmentUITests.xctest; sourceTree = BUILT_PRODUCTS_DIR; };
		9135B2CE211FC80500B334EE /* NSNotificationCenterKVOAssignmentUITests.m */ = {isa = PBXFileReference; lastKnownFileType = sourcecode.c.objc; path = NSNotificationCenterKVOAssignmentUITests.m; sourceTree = "<group>"; };
		9135B2D0211FC80500B334EE /* Info.plist */ = {isa = PBXFileReference; lastKnownFileType = text.plist.xml; path = Info.plist; sourceTree = "<group>"; };
		9135B2DC211FC97A00B334EE /* SecondViewController.h */ = {isa = PBXFileReference; lastKnownFileType = sourcecode.c.h; path = SecondViewController.h; sourceTree = "<group>"; };
		9135B2DD211FC97A00B334EE /* SecondViewController.m */ = {isa = PBXFileReference; lastKnownFileType = sourcecode.c.objc; path = SecondViewController.m; sourceTree = "<group>"; };
		9135B2DF211FD42700B334EE /* ThirdViewController.h */ = {isa = PBXFileReference; lastKnownFileType = sourcecode.c.h; path = ThirdViewController.h; sourceTree = "<group>"; };
		9135B2E0211FD42700B334EE /* ThirdViewController.m */ = {isa = PBXFileReference; lastKnownFileType = sourcecode.c.objc; path = ThirdViewController.m; sourceTree = "<group>"; };
		9135B2E2211FEAD500B334EE /* ForthViewController.h */ = {isa = PBXFileReference; lastKnownFileType = sourcecode.c.h; path = ForthViewController.h; sourceTree = "<group>"; };
		9135B2E3211FEAD500B334EE /* ForthViewController.m */ = {isa = PBXFileReference; lastKnownFileType = sourcecode.c.objc; path = ForthViewController.m; sourceTree = "<group>"; };
		9135B2E5211FEC7E00B334EE /* CustomView.h */ = {isa = PBXFileReference; lastKnownFileType = sourcecode.c.h; path = CustomView.h; sourceTree = "<group>"; };
		9135B2E6211FEC7E00B334EE /* CustomView.m */ = {isa = PBXFileReference; lastKnownFileType = sourcecode.c.objc; path = CustomView.m; sourceTree = "<group>"; };
/* End PBXFileReference section */

/* Begin PBXFrameworksBuildPhase section */
		9135B2A4211FC80400B334EE /* Frameworks */ = {
			isa = PBXFrameworksBuildPhase;
			buildActionMask = 2147483647;
			files = (
			);
			runOnlyForDeploymentPostprocessing = 0;
		};
		9135B2BC211FC80500B334EE /* Frameworks */ = {
			isa = PBXFrameworksBuildPhase;
			buildActionMask = 2147483647;
			files = (
			);
			runOnlyForDeploymentPostprocessing = 0;
		};
		9135B2C7211FC80500B334EE /* Frameworks */ = {
			isa = PBXFrameworksBuildPhase;
			buildActionMask = 2147483647;
			files = (
			);
			runOnlyForDeploymentPostprocessing = 0;
		};
/* End PBXFrameworksBuildPhase section */

/* Begin PBXGroup section */
		9135B29E211FC80400B334EE = {
			isa = PBXGroup;
			children = (
				9135B2A9211FC80400B334EE /* NSNotificationCenterKVOAssignment */,
				9135B2C2211FC80500B334EE /* NSNotificationCenterKVOAssignmentTests */,
				9135B2CD211FC80500B334EE /* NSNotificationCenterKVOAssignmentUITests */,
				9135B2A8211FC80400B334EE /* Products */,
			);
			sourceTree = "<group>";
		};
		9135B2A8211FC80400B334EE /* Products */ = {
			isa = PBXGroup;
			children = (
				9135B2A7211FC80400B334EE /* NSNotificationCenterKVOAssignment.app */,
				9135B2BF211FC80500B334EE /* NSNotificationCenterKVOAssignmentTests.xctest */,
				9135B2CA211FC80500B334EE /* NSNotificationCenterKVOAssignmentUITests.xctest */,
			);
			name = Products;
			sourceTree = "<group>";
		};
		9135B2A9211FC80400B334EE /* NSNotificationCenterKVOAssignment */ = {
			isa = PBXGroup;
			children = (
				9135B2AA211FC80400B334EE /* AppDelegate.h */,
				9135B2AB211FC80400B334EE /* AppDelegate.m */,
				9135B2AD211FC80400B334EE /* ViewController.h */,
				9135B2AE211FC80400B334EE /* ViewController.m */,
				9135B2B0211FC80400B334EE /* Main.storyboard */,
				9135B2DF211FD42700B334EE /* ThirdViewController.h */,
				9135B2E2211FEAD500B334EE /* ForthViewController.h */,
				9135B2E3211FEAD500B334EE /* ForthViewController.m */,
				9135B2E5211FEC7E00B334EE /* CustomView.h */,
				9135B2E6211FEC7E00B334EE /* CustomView.m */,
				9135B2E0211FD42700B334EE /* ThirdViewController.m */,
				9135B2DC211FC97A00B334EE /* SecondViewController.h */,
				9135B2DD211FC97A00B334EE /* SecondViewController.m */,
				9135B2B3211FC80500B334EE /* Assets.xcassets */,
				9135B2B5211FC80500B334EE /* LaunchScreen.storyboard */,
				9135B2B8211FC80500B334EE /* Info.plist */,
				9135B2B9211FC80500B334EE /* main.m */,
			);
			path = NSNotificationCenterKVOAssignment;
			sourceTree = "<group>";
		};
		9135B2C2211FC80500B334EE /* NSNotificationCenterKVOAssignmentTests */ = {
			isa = PBXGroup;
			children = (
				9135B2C3211FC80500B334EE /* NSNotificationCenterKVOAssignmentTests.m */,
				9135B2C5211FC80500B334EE /* Info.plist */,
			);
			path = NSNotificationCenterKVOAssignmentTests;
			sourceTree = "<group>";
		};
		9135B2CD211FC80500B334EE /* NSNotificationCenterKVOAssignmentUITests */ = {
			isa = PBXGroup;
			children = (
				9135B2CE211FC80500B334EE /* NSNotificationCenterKVOAssignmentUITests.m */,
				9135B2D0211FC80500B334EE /* Info.plist */,
			);
			path = NSNotificationCenterKVOAssignmentUITests;
			sourceTree = "<group>";
		};
/* End PBXGroup section */

/* Begin PBXNativeTarget section */
		9135B2A6211FC80400B334EE /* NSNotificationCenterKVOAssignment */ = {
			isa = PBXNativeTarget;
			buildConfigurationList = 9135B2D3211FC80500B334EE /* Build configuration list for PBXNativeTarget "NSNotificationCenterKVOAssignment" */;
			buildPhases = (
				9135B2A3211FC80400B334EE /* Sources */,
				9135B2A4211FC80400B334EE /* Frameworks */,
				9135B2A5211FC80400B334EE /* Resources */,
			);
			buildRules = (
			);
			dependencies = (
			);
			name = NSNotificationCenterKVOAssignment;
			productName = NSNotificationCenterKVOAssignment;
			productReference = 9135B2A7211FC80400B334EE /* NSNotificationCenterKVOAssignment.app */;
			productType = "com.apple.product-type.application";
		};
		9135B2BE211FC80500B334EE /* NSNotificationCenterKVOAssignmentTests */ = {
			isa = PBXNativeTarget;
			buildConfigurationList = 9135B2D6211FC80500B334EE /* Build configuration list for PBXNativeTarget "NSNotificationCenterKVOAssignmentTests" */;
			buildPhases = (
				9135B2BB211FC80500B334EE /* Sources */,
				9135B2BC211FC80500B334EE /* Frameworks */,
				9135B2BD211FC80500B334EE /* Resources */,
			);
			buildRules = (
			);
			dependencies = (
				9135B2C1211FC80500B334EE /* PBXTargetDependency */,
			);
			name = NSNotificationCenterKVOAssignmentTests;
			productName = NSNotificationCenterKVOAssignmentTests;
			productReference = 9135B2BF211FC80500B334EE /* NSNotificationCenterKVOAssignmentTests.xctest */;
			productType = "com.apple.product-type.bundle.unit-test";
		};
		9135B2C9211FC80500B334EE /* NSNotificationCenterKVOAssignmentUITests */ = {
			isa = PBXNativeTarget;
			buildConfigurationList = 9135B2D9211FC80500B334EE /* Build configuration list for PBXNativeTarget "NSNotificationCenterKVOAssignmentUITests" */;
			buildPhases = (
				9135B2C6211FC80500B334EE /* Sources */,
				9135B2C7211FC80500B334EE /* Frameworks */,
				9135B2C8211FC80500B334EE /* Resources */,
			);
			buildRules = (
			);
			dependencies = (
				9135B2CC211FC80500B334EE /* PBXTargetDependency */,
			);
			name = NSNotificationCenterKVOAssignmentUITests;
			productName = NSNotificationCenterKVOAssignmentUITests;
			productReference = 9135B2CA211FC80500B334EE /* NSNotificationCenterKVOAssignmentUITests.xctest */;
			productType = "com.apple.product-type.bundle.ui-testing";
		};
/* End PBXNativeTarget section */

/* Begin PBXProject section */
		9135B29F211FC80400B334EE /* Project object */ = {
			isa = PBXProject;
			attributes = {
				LastUpgradeCheck = 0940;
				ORGANIZATIONNAME = Bennett;
				TargetAttributes = {
					9135B2A6211FC80400B334EE = {
						CreatedOnToolsVersion = 9.4.1;
					};
					9135B2BE211FC80500B334EE = {
						CreatedOnToolsVersion = 9.4.1;
						TestTargetID = 9135B2A6211FC80400B334EE;
					};
					9135B2C9211FC80500B334EE = {
						CreatedOnToolsVersion = 9.4.1;
						TestTargetID = 9135B2A6211FC80400B334EE;
					};
				};
			};
			buildConfigurationList = 9135B2A2211FC80400B334EE /* Build configuration list for PBXProject "NSNotificationCenterKVOAssignment" */;
			compatibilityVersion = "Xcode 9.3";
			developmentRegion = en;
			hasScannedForEncodings = 0;
			knownRegions = (
				en,
				Base,
			);
			mainGroup = 9135B29E211FC80400B334EE;
			productRefGroup = 9135B2A8211FC80400B334EE /* Products */;
			projectDirPath = "";
			projectRoot = "";
			targets = (
				9135B2A6211FC80400B334EE /* NSNotificationCenterKVOAssignment */,
				9135B2BE211FC80500B334EE /* NSNotificationCenterKVOAssignmentTests */,
				9135B2C9211FC80500B334EE /* NSNotificationCenterKVOAssignmentUITests */,
			);
		};
/* End PBXProject section */

/* Begin PBXResourcesBuildPhase section */
		9135B2A5211FC80400B334EE /* Resources */ = {
			isa = PBXResourcesBuildPhase;
			buildActionMask = 2147483647;
			files = (
				9135B2B7211FC80500B334EE /* LaunchScreen.storyboard in Resources */,
				9135B2B4211FC80500B334EE /* Assets.xcassets in Resources */,
				9135B2B2211FC80400B334EE /* Main.storyboard in Resources */,
			);
			runOnlyForDeploymentPostprocessing = 0;
		};
		9135B2BD211FC80500B334EE /* Resources */ = {
			isa = PBXResourcesBuildPhase;
			buildActionMask = 2147483647;
			files = (
			);
			runOnlyForDeploymentPostprocessing = 0;
		};
		9135B2C8211FC80500B334EE /* Resources */ = {
			isa = PBXResourcesBuildPhase;
			buildActionMask = 2147483647;
			files = (
			);
			runOnlyForDeploymentPostprocessing = 0;
		};
/* End PBXResourcesBuildPhase section */

/* Begin PBXSourcesBuildPhase section */
		9135B2A3211FC80400B334EE /* Sources */ = {
			isa = PBXSourcesBuildPhase;
			buildActionMask = 2147483647;
			files = (
				9135B2DE211FC97A00B334EE /* SecondViewController.m in Sources */,
				9135B2E1211FD42700B334EE /* ThirdViewController.m in Sources */,
				9135B2E4211FEAD500B334EE /* ForthViewController.m in Sources */,
				9135B2AF211FC80400B334EE /* ViewController.m in Sources */,
				9135B2E7211FEC7E00B334EE /* CustomView.m in Sources */,
				9135B2BA211FC80500B334EE /* main.m in Sources */,
				9135B2AC211FC80400B334EE /* AppDelegate.m in Sources */,
			);
			runOnlyForDeploymentPostprocessing = 0;
		};
		9135B2BB211FC80500B334EE /* Sources */ = {
			isa = PBXSourcesBuildPhase;
			buildActionMask = 2147483647;
			files = (
				9135B2C4211FC80500B334EE /* NSNotificationCenterKVOAssignmentTests.m in Sources */,
			);
			runOnlyForDeploymentPostprocessing = 0;
		};
		9135B2C6211FC80500B334EE /* Sources */ = {
			isa = PBXSourcesBuildPhase;
			buildActionMask = 2147483647;
			files = (
				9135B2CF211FC80500B334EE /* NSNotificationCenterKVOAssignmentUITests.m in Sources */,
			);
			runOnlyForDeploymentPostprocessing = 0;
		};
/* End PBXSourcesBuildPhase section */

/* Begin PBXTargetDependency section */
		9135B2C1211FC80500B334EE /* PBXTargetDependency */ = {
			isa = PBXTargetDependency;
			target = 9135B2A6211FC80400B334EE /* NSNotificationCenterKVOAssignment */;
			targetProxy = 9135B2C0211FC80500B334EE /* PBXContainerItemProxy */;
		};
		9135B2CC211FC80500B334EE /* PBXTargetDependency */ = {
			isa = PBXTargetDependency;
			target = 9135B2A6211FC80400B334EE /* NSNotificationCenterKVOAssignment */;
			targetProxy = 9135B2CB211FC80500B334EE /* PBXContainerItemProxy */;
		};
/* End PBXTargetDependency section */

/* Begin PBXVariantGroup section */
		9135B2B0211FC80400B334EE /* Main.storyboard */ = {
			isa = PBXVariantGroup;
			children = (
				9135B2B1211FC80400B334EE /* Base */,
			);
			name = Main.storyboard;
			sourceTree = "<group>";
		};
		9135B2B5211FC80500B334EE /* LaunchScreen.storyboard */ = {
			isa = PBXVariantGroup;
			children = (
				9135B2B6211FC80500B334EE /* Base */,
			);
			name = LaunchScreen.storyboard;
			sourceTree = "<group>";
		};
/* End PBXVariantGroup section */

/* Begin XCBuildConfiguration section */
		9135B2D1211FC80500B334EE /* Debug */ = {
			isa = XCBuildConfiguration;
			buildSettings = {
				ALWAYS_SEARCH_USER_PATHS = NO;
				CLANG_ANALYZER_NONNULL = YES;
				CLANG_ANALYZER_NUMBER_OBJECT_CONVERSION = YES_AGGRESSIVE;
				CLANG_CXX_LANGUAGE_STANDARD = "gnu++14";
				CLANG_CXX_LIBRARY = "libc++";
				CLANG_ENABLE_MODULES = YES;
				CLANG_ENABLE_OBJC_ARC = YES;
				CLANG_ENABLE_OBJC_WEAK = YES;
				CLANG_WARN_BLOCK_CAPTURE_AUTORELEASING = YES;
				CLANG_WARN_BOOL_CONVERSION = YES;
				CLANG_WARN_COMMA = YES;
				CLANG_WARN_CONSTANT_CONVERSION = YES;
				CLANG_WARN_DEPRECATED_OBJC_IMPLEMENTATIONS = YES;
				CLANG_WARN_DIRECT_OBJC_ISA_USAGE = YES_ERROR;
				CLANG_WARN_DOCUMENTATION_COMMENTS = YES;
				CLANG_WARN_EMPTY_BODY = YES;
				CLANG_WARN_ENUM_CONVERSION = YES;
				CLANG_WARN_INFINITE_RECURSION = YES;
				CLANG_WARN_INT_CONVERSION = YES;
				CLANG_WARN_NON_LITERAL_NULL_CONVERSION = YES;
				CLANG_WARN_OBJC_IMPLICIT_RETAIN_SELF = YES;
				CLANG_WARN_OBJC_LITERAL_CONVERSION = YES;
				CLANG_WARN_OBJC_ROOT_CLASS = YES_ERROR;
				CLANG_WARN_RANGE_LOOP_ANALYSIS = YES;
				CLANG_WARN_STRICT_PROTOTYPES = YES;
				CLANG_WARN_SUSPICIOUS_MOVE = YES;
				CLANG_WARN_UNGUARDED_AVAILABILITY = YES_AGGRESSIVE;
				CLANG_WARN_UNREACHABLE_CODE = YES;
				CLANG_WARN__DUPLICATE_METHOD_MATCH = YES;
				CODE_SIGN_IDENTITY = "iPhone Developer";
				COPY_PHASE_STRIP = NO;
				DEBUG_INFORMATION_FORMAT = dwarf;
				ENABLE_STRICT_OBJC_MSGSEND = YES;
				ENABLE_TESTABILITY = YES;
				GCC_C_LANGUAGE_STANDARD = gnu11;
				GCC_DYNAMIC_NO_PIC = NO;
				GCC_NO_COMMON_BLOCKS = YES;
				GCC_OPTIMIZATION_LEVEL = 0;
				GCC_PREPROCESSOR_DEFINITIONS = (
					"DEBUG=1",
					"$(inherited)",
				);
				GCC_WARN_64_TO_32_BIT_CONVERSION = YES;
				GCC_WARN_ABOUT_RETURN_TYPE = YES_ERROR;
				GCC_WARN_UNDECLARED_SELECTOR = YES;
				GCC_WARN_UNINITIALIZED_AUTOS = YES_AGGRESSIVE;
				GCC_WARN_UNUSED_FUNCTION = YES;
				GCC_WARN_UNUSED_VARIABLE = YES;
				IPHONEOS_DEPLOYMENT_TARGET = 11.4;
				MTL_ENABLE_DEBUG_INFO = YES;
				ONLY_ACTIVE_ARCH = YES;
				SDKROOT = iphoneos;
			};
			name = Debug;
		};
		9135B2D2211FC80500B334EE /* Release */ = {
			isa = XCBuildConfiguration;
			buildSettings = {
				ALWAYS_SEARCH_USER_PATHS = NO;
				CLANG_ANALYZER_NONNULL = YES;
				CLANG_ANALYZER_NUMBER_OBJECT_CONVERSION = YES_AGGRESSIVE;
				CLANG_CXX_LANGUAGE_STANDARD = "gnu++14";
				CLANG_CXX_LIBRARY = "libc++";
				CLANG_ENABLE_MODULES = YES;
				CLANG_ENABLE_OBJC_ARC = YES;
				CLANG_ENABLE_OBJC_WEAK = YES;
				CLANG_WARN_BLOCK_CAPTURE_AUTORELEASING = YES;
				CLANG_WARN_BOOL_CONVERSION = YES;
				CLANG_WARN_COMMA = YES;
				CLANG_WARN_CONSTANT_CONVERSION = YES;
				CLANG_WARN_DEPRECATED_OBJC_IMPLEMENTATIONS = YES;
				CLANG_WARN_DIRECT_OBJC_ISA_USAGE = YES_ERROR;
				CLANG_WARN_DOCUMENTATION_COMMENTS = YES;
				CLANG_WARN_EMPTY_BODY = YES;
				CLANG_WARN_ENUM_CONVERSION = YES;
				CLANG_WARN_INFINITE_RECURSION = YES;
				CLANG_WARN_INT_CONVERSION = YES;
				CLANG_WARN_NON_LITERAL_NULL_CONVERSION = YES;
				CLANG_WARN_OBJC_IMPLICIT_RETAIN_SELF = YES;
				CLANG_WARN_OBJC_LITERAL_CONVERSION = YES;
				CLANG_WARN_OBJC_ROOT_CLASS = YES_ERROR;
				CLANG_WARN_RANGE_LOOP_ANALYSIS = YES;
				CLANG_WARN_STRICT_PROTOTYPES = YES;
				CLANG_WARN_SUSPICIOUS_MOVE = YES;
				CLANG_WARN_UNGUARDED_AVAILABILITY = YES_AGGRESSIVE;
				CLANG_WARN_UNREACHABLE_CODE = YES;
				CLANG_WARN__DUPLICATE_METHOD_MATCH = YES;
				CODE_SIGN_IDENTITY = "iPhone Developer";
				COPY_PHASE_STRIP = NO;
				DEBUG_INFORMATION_FORMAT = "dwarf-with-dsym";
				ENABLE_NS_ASSERTIONS = NO;
				ENABLE_STRICT_OBJC_MSGSEND = YES;
				GCC_C_LANGUAGE_STANDARD = gnu11;
				GCC_NO_COMMON_BLOCKS = YES;
				GCC_WARN_64_TO_32_BIT_CONVERSION = YES;
				GCC_WARN_ABOUT_RETURN_TYPE = YES_ERROR;
				GCC_WARN_UNDECLARED_SELECTOR = YES;
				GCC_WARN_UNINITIALIZED_AUTOS = YES_AGGRESSIVE;
				GCC_WARN_UNUSED_FUNCTION = YES;
				GCC_WARN_UNUSED_VARIABLE = YES;
				IPHONEOS_DEPLOYMENT_TARGET = 11.4;
				MTL_ENABLE_DEBUG_INFO = NO;
				SDKROOT = iphoneos;
				VALIDATE_PRODUCT = YES;
			};
			name = Release;
		};
		9135B2D4211FC80500B334EE /* Debug */ = {
			isa = XCBuildConfiguration;
			buildSettings = {
				ASSETCATALOG_COMPILER_APPICON_NAME = AppIcon;
				CODE_SIGN_STYLE = Automatic;
				INFOPLIST_FILE = NSNotificationCenterKVOAssignment/Info.plist;
				LD_RUNPATH_SEARCH_PATHS = (
					"$(inherited)",
					"@executable_path/Frameworks",
				);
				PRODUCT_BUNDLE_IDENTIFIER = com.bennett.NSNotificationCenterKVOAssignment;
				PRODUCT_NAME = "$(TARGET_NAME)";
				TARGETED_DEVICE_FAMILY = "1,2";
			};
			name = Debug;
		};
		9135B2D5211FC80500B334EE /* Release */ = {
			isa = XCBuildConfiguration;
			buildSettings = {
				ASSETCATALOG_COMPILER_APPICON_NAME = AppIcon;
				CODE_SIGN_STYLE = Automatic;
				INFOPLIST_FILE = NSNotificationCenterKVOAssignment/Info.plist;
				LD_RUNPATH_SEARCH_PATHS = (
					"$(inherited)",
					"@executable_path/Frameworks",
				);
				PRODUCT_BUNDLE_IDENTIFIER = com.bennett.NSNotificationCenterKVOAssignment;
				PRODUCT_NAME = "$(TARGET_NAME)";
				TARGETED_DEVICE_FAMILY = "1,2";
			};
			name = Release;
		};
		9135B2D7211FC80500B334EE /* Debug */ = {
			isa = XCBuildConfiguration;
			buildSettings = {
				BUNDLE_LOADER = "$(TEST_HOST)";
				CODE_SIGN_STYLE = Automatic;
				INFOPLIST_FILE = NSNotificationCenterKVOAssignmentTests/Info.plist;
				LD_RUNPATH_SEARCH_PATHS = (
					"$(inherited)",
					"@executable_path/Frameworks",
					"@loader_path/Frameworks",
				);
				PRODUCT_BUNDLE_IDENTIFIER = com.bennett.NSNotificationCenterKVOAssignmentTests;
				PRODUCT_NAME = "$(TARGET_NAME)";
				TARGETED_DEVICE_FAMILY = "1,2";
				TEST_HOST = "$(BUILT_PRODUCTS_DIR)/NSNotificationCenterKVOAssignment.app/NSNotificationCenterKVOAssignment";
			};
			name = Debug;
		};
		9135B2D8211FC80500B334EE /* Release */ = {
			isa = XCBuildConfiguration;
			buildSettings = {
				BUNDLE_LOADER = "$(TEST_HOST)";
				CODE_SIGN_STYLE = Automatic;
				INFOPLIST_FILE = NSNotificationCenterKVOAssignmentTests/Info.plist;
				LD_RUNPATH_SEARCH_PATHS = (
					"$(inherited)",
					"@executable_path/Frameworks",
					"@loader_path/Frameworks",
				);
				PRODUCT_BUNDLE_IDENTIFIER = com.bennett.NSNotificationCenterKVOAssignmentTests;
				PRODUCT_NAME = "$(TARGET_NAME)";
				TARGETED_DEVICE_FAMILY = "1,2";
				TEST_HOST = "$(BUILT_PRODUCTS_DIR)/NSNotificationCenterKVOAssignment.app/NSNotificationCenterKVOAssignment";
			};
			name = Release;
		};
		9135B2DA211FC80500B334EE /* Debug */ = {
			isa = XCBuildConfiguration;
			buildSettings = {
				CODE_SIGN_STYLE = Automatic;
				INFOPLIST_FILE = NSNotificationCenterKVOAssignmentUITests/Info.plist;
				LD_RUNPATH_SEARCH_PATHS = (
					"$(inherited)",
					"@executable_path/Frameworks",
					"@loader_path/Frameworks",
				);
				PRODUCT_BUNDLE_IDENTIFIER = com.bennett.NSNotificationCenterKVOAssignmentUITests;
				PRODUCT_NAME = "$(TARGET_NAME)";
				TARGETED_DEVICE_FAMILY = "1,2";
				TEST_TARGET_NAME = NSNotificationCenterKVOAssignment;
			};
			name = Debug;
		};
		9135B2DB211FC80500B334EE /* Release */ = {
			isa = XCBuildConfiguration;
			buildSettings = {
				CODE_SIGN_STYLE = Automatic;
				INFOPLIST_FILE = NSNotificationCenterKVOAssignmentUITests/Info.plist;
				LD_RUNPATH_SEARCH_PATHS = (
					"$(inherited)",
					"@executable_path/Frameworks",
					"@loader_path/Frameworks",
				);
				PRODUCT_BUNDLE_IDENTIFIER = com.bennett.NSNotificationCenterKVOAssignmentUITests;
				PRODUCT_NAME = "$(TARGET_NAME)";
				TARGETED_DEVICE_FAMILY = "1,2";
				TEST_TARGET_NAME = NSNotificationCenterKVOAssignment;
			};
			name = Release;
		};
/* End XCBuildConfiguration section */

/* Begin XCConfigurationList section */
		9135B2A2211FC80400B334EE /* Build configuration list for PBXProject "NSNotificationCenterKVOAssignment" */ = {
			isa = XCConfigurationList;
			buildConfigurations = (
				9135B2D1211FC80500B334EE /* Debug */,
				9135B2D2211FC80500B334EE /* Release */,
			);
			defaultConfigurationIsVisible = 0;
			defaultConfigurationName = Release;
		};
		9135B2D3211FC80500B334EE /* Build configuration list for PBXNativeTarget "NSNotificationCenterKVOAssignment" */ = {
			isa = XCConfigurationList;
			buildConfigurations = (
				9135B2D4211FC80500B334EE /* Debug */,
				9135B2D5211FC80500B334EE /* Release */,
			);
			defaultConfigurationIsVisible = 0;
			defaultConfigurationName = Release;
		};
		9135B2D6211FC80500B334EE /* Build configuration list for PBXNativeTarget "NSNotificationCenterKVOAssignmentTests" */ = {
			isa = XCConfigurationList;
			buildConfigurations = (
				9135B2D7211FC80500B334EE /* Debug */,
				9135B2D8211FC80500B334EE /* Release */,
			);
			defaultConfigurationIsVisible = 0;
			defaultConfigurationName = Release;
		};
		9135B2D9211FC80500B334EE /* Build configuration list for PBXNativeTarget "NSNotificationCenterKVOAssignmentUITests" */ = {
			isa = XCConfigurationList;
			buildConfigurations = (
				9135B2DA211FC80500B334EE /* Debug */,
				9135B2DB211FC80500B334EE /* Release */,
			);
			defaultConfigurationIsVisible = 0;
			defaultConfigurationName = Release;
		};
/* End XCConfigurationList section */
	};
	rootObject = 9135B29F211FC80400B334EE /* Project object */;
}
